github.com/activeshadow/libminimega v0.0.0-20190412123224-5384445d4b63 h1:i6MTIv6gKNo6LiUWvImMpbSZGY3pIrF4TTS0cqphmg0=
github.com/activeshadow/libminimega v0.0.0-20190412123224-5384445d4b63/go.mod h1:Y09dvSAoxSu+uVxC/+pvXYgmENf71+FFli+ehB9V+pY=
github.com/hashicorp/errwrap v1.0.0 h1:hLrqtEDnRye3+sgx6z4qVLNuviH3MR5aQ0ykNJa/UYA=
github.com/hashicorp/errwrap v1.0.0/go.mod h1:YH+1FKiLXxHSkmPseP+kNlulaMuP3n2brvKWEqk/Jc4=
github.com/hashicorp/go-multierror v1.0.0 h1:iVjPR7a6H0tWELX5NxNe7bYopibicUzc7uPribsnS6o=
github.com/hashicorp/go-multierror v1.0.0/go.mod h1:dHtQlpGsu+cZNNAkkCN/P3hoUDHhCYQXV3UM06sGGrk=
github.com/hybridgroup/mjpeg v0.0.0-20140228234708-4680f319790e/go.mod h1:eagM805MRKrioHYuU7iKLUyFPVKqVV6um5DAvCkUtXs=
github.com/mattn/go-runewidth v0.0.3/go.mod h1:LwmH8dsx7+W8Uxz3IHJYH5QSwggIsqBzpuz5H//U1FU=
github.com/mattn/go-runewidth v0.0.9 h1:Lm995f3rfxdpd6TSmuVCHVb/QhupuXlYr8sCI/QdE+0=
github.com/mattn/go-runewidth v0.0.9/go.mod h1:H031xJmbD/WCDINGzjvQ9THkh0rPKHF+m2gUSrubnMI=
github.com/pascaldekloe/goe v0.1.0/go.mod h1:lzWF7FIEvWOWxwDKqyGYQf6ZUaNfKdP144TG7ZOy1lc=
github.com/peterh/liner v1.1.0 h1:f+aAedNJA6uk7+6rXsYBnhdo4Xux7ESLe+kcuVUF5os=
github.com/peterh/liner v1.1.0/go.mod h1:CRroGNssyjTd/qIG2FyxByd2S8JEAZXBl4qUrZf8GS0=
github.com/sandia-minimega/phenix/src/go v0.0.0-20230615034816-b95907a686ea h1:pmbAogEL1Ede0dvDFJu/hL7AyrnTuy86bcBZNJeI83M=
github.com/sandia-minimega/phenix/src/go v0.0.0-20230615034816-b95907a686ea/go.mod h1:1rSSUc6kCkAkjV+7NLK6FpKCvcByqvHRSVujFvuIcX4=
gocv.io/x/gocv v0.33.0 h1:WDtaBrq92AKrhepYzEktydDzNSm3t5k7ciawZK4rns8=
gocv.io/x/gocv v0.33.0/go.mod h1:oc6FvfYqfBp99p+yOEzs9tbYF9gOrAQSeL/dyIPefJU=
